// !$*UTF8*$!
{
	archiveVersion = 1;
	classes = {
	};
	objectVersion = 46;
	objects = {

/* Begin PBXBuildFile section */
		856A883C1BF231E400815898 /* main.m in Sources */ = {isa = PBXBuildFile; fileRef = 856A883B1BF231E400815898 /* main.m */; };
		856A883F1BF231E400815898 /* AppDelegate.m in Sources */ = {isa = PBXBuildFile; fileRef = 856A883E1BF231E400815898 /* AppDelegate.m */; };
		859158511BF858EC00D535AB /* JokesModel.m in Sources */ = {isa = PBXBuildFile; fileRef = 859158501BF858EC00D535AB /* JokesModel.m */; settings = {ASSET_TAGS = (); }; };
		859158541BF85D8600D535AB /* NewsModel.m in Sources */ = {isa = PBXBuildFile; fileRef = 859158531BF85D8600D535AB /* NewsModel.m */; settings = {ASSET_TAGS = (); }; };
		8591585C1BF8691000D535AB /* NewsNetManager.m in Sources */ = {isa = PBXBuildFile; fileRef = 8591585B1BF8691000D535AB /* NewsNetManager.m */; settings = {ASSET_TAGS = (); }; };
		8591585F1BF8692100D535AB /* JokesNetManager.m in Sources */ = {isa = PBXBuildFile; fileRef = 8591585E1BF8692100D535AB /* JokesNetManager.m */; settings = {ASSET_TAGS = (); }; };
		859158641BF874B800D535AB /* JokesViewModel.m in Sources */ = {isa = PBXBuildFile; fileRef = 859158631BF874B800D535AB /* JokesViewModel.m */; settings = {ASSET_TAGS = (); }; };
		859158671BF874CA00D535AB /* NewsViewModel.m in Sources */ = {isa = PBXBuildFile; fileRef = 859158661BF874CA00D535AB /* NewsViewModel.m */; settings = {ASSET_TAGS = (); }; };
		85EE61E41BF96A5800E42A6F /* NewsCommonCell.m in Sources */ = {isa = PBXBuildFile; fileRef = 85EE61E31BF96A5800E42A6F /* NewsCommonCell.m */; settings = {ASSET_TAGS = (); }; };
		85EE61E71BF96D2700E42A6F /* ClipImageView.m in Sources */ = {isa = PBXBuildFile; fileRef = 85EE61E61BF96D2700E42A6F /* ClipImageView.m */; settings = {ASSET_TAGS = (); }; };
		85EE61EA1BF96E5B00E42A6F /* NewsImagesCell.m in Sources */ = {isa = PBXBuildFile; fileRef = 85EE61E91BF96E5B00E42A6F /* NewsImagesCell.m */; settings = {ASSET_TAGS = (); }; };
		85EE61ED1BF97F6200E42A6F /* NewsBigCoverCell.m in Sources */ = {isa = PBXBuildFile; fileRef = 85EE61EC1BF97F6200E42A6F /* NewsBigCoverCell.m */; settings = {ASSET_TAGS = (); }; };
		85EFCF371BF8C8D2001B613C /* userIcon.bundle in Resources */ = {isa = PBXBuildFile; fileRef = 85EFCF361BF8C8D2001B613C /* userIcon.bundle */; settings = {ASSET_TAGS = (); }; };
		85EFCF3A1BF8CD0A001B613C /* MainViewController.m in Sources */ = {isa = PBXBuildFile; fileRef = 85EFCF391BF8CD0A001B613C /* MainViewController.m */; settings = {ASSET_TAGS = (); }; };
		85EFCF3F1BF8CFF1001B613C /* JokesViewController.m in Sources */ = {isa = PBXBuildFile; fileRef = 85EFCF3E1BF8CFF1001B613C /* JokesViewController.m */; settings = {ASSET_TAGS = (); }; };
		85EFCF421BF8CFFC001B613C /* NewsViewController.m in Sources */ = {isa = PBXBuildFile; fileRef = 85EFCF411BF8CFFC001B613C /* NewsViewController.m */; settings = {ASSET_TAGS = (); }; };
		85F5E4351BF582FB0078BBCE /* Factory.m in Sources */ = {isa = PBXBuildFile; fileRef = 85F5E4341BF582FB0078BBCE /* Factory.m */; settings = {ASSET_TAGS = (); }; };
		85F5E4401BF583170078BBCE /* AppDelegate+Category.m in Sources */ = {isa = PBXBuildFile; fileRef = 85F5E4381BF583170078BBCE /* AppDelegate+Category.m */; settings = {ASSET_TAGS = (); }; };
		85F5E4421BF583170078BBCE /* NSObject+Common.m in Sources */ = {isa = PBXBuildFile; fileRef = 85F5E43B1BF583170078BBCE /* NSObject+Common.m */; settings = {ASSET_TAGS = (); }; };
		85F5E4431BF583170078BBCE /* NSString+PJR.m in Sources */ = {isa = PBXBuildFile; fileRef = 85F5E43D1BF583170078BBCE /* NSString+PJR.m */; settings = {ASSET_TAGS = (); }; };
		85F5E4441BF583170078BBCE /* NSString+QRCode.m in Sources */ = {isa = PBXBuildFile; fileRef = 85F5E43F1BF583170078BBCE /* NSString+QRCode.m */; settings = {ASSET_TAGS = (); }; };
		85F5E4AE1BF5A9080078BBCE /* BaseModel.m in Sources */ = {isa = PBXBuildFile; fileRef = 85F5E4AD1BF5A9080078BBCE /* BaseModel.m */; settings = {ASSET_TAGS = (); }; };
		85F5E4B11BF5A91E0078BBCE /* BaseNetManager.m in Sources */ = {isa = PBXBuildFile; fileRef = 85F5E4B01BF5A91E0078BBCE /* BaseNetManager.m */; settings = {ASSET_TAGS = (); }; };
		85F5E4B41BF5A97C0078BBCE /* BaseViewModel.m in Sources */ = {isa = PBXBuildFile; fileRef = 85F5E4B31BF5A97C0078BBCE /* BaseViewModel.m */; settings = {ASSET_TAGS = (); }; };
		85F5E4B81BF5ACE00078BBCE /* Assets.xcassets in Resources */ = {isa = PBXBuildFile; fileRef = 85F5E4B71BF5ACE00078BBCE /* Assets.xcassets */; settings = {ASSET_TAGS = (); }; };
		85F5E4BA1BF5ACF30078BBCE /* LaunchScreen.storyboard in Resources */ = {isa = PBXBuildFile; fileRef = 85F5E4B91BF5ACF30078BBCE /* LaunchScreen.storyboard */; settings = {ASSET_TAGS = (); }; };
		85F5E4BC1BF5ACFC0078BBCE /* Main.storyboard in Resources */ = {isa = PBXBuildFile; fileRef = 85F5E4BB1BF5ACFC0078BBCE /* Main.storyboard */; settings = {ASSET_TAGS = (); }; };
		85F5E5671BF5B0480078BBCE /* iCarousel.m in Sources */ = {isa = PBXBuildFile; fileRef = 85F5E5261BF5B0480078BBCE /* iCarousel.m */; settings = {ASSET_TAGS = (); }; };
		85F5E5681BF5B0480078BBCE /* .gitignore in Resources */ = {isa = PBXBuildFile; fileRef = 85F5E5281BF5B0480078BBCE /* .gitignore */; settings = {ASSET_TAGS = (); }; };
		85F5E5691BF5B0480078BBCE /* LICENSE in Resources */ = {isa = PBXBuildFile; fileRef = 85F5E5291BF5B0480078BBCE /* LICENSE */; settings = {ASSET_TAGS = (); }; };
		85F5E56A1BF5B0480078BBCE /* PSCollectionView.m in Sources */ = {isa = PBXBuildFile; fileRef = 85F5E52B1BF5B0480078BBCE /* PSCollectionView.m */; settings = {ASSET_TAGS = (); }; };
		85F5E56B1BF5B0480078BBCE /* PSCollectionViewCell.m in Sources */ = {isa = PBXBuildFile; fileRef = 85F5E52D1BF5B0480078BBCE /* PSCollectionViewCell.m */; settings = {ASSET_TAGS = (); }; };
		85F5E56C1BF5B0480078BBCE /* libMobClickLibrary.a in Frameworks */ = {isa = PBXBuildFile; fileRef = 85F5E52F1BF5B0480078BBCE /* libMobClickLibrary.a */; settings = {ASSET_TAGS = (); }; };
		85F5E56D1BF5B0480078BBCE /* UMSocialLocalizable.strings in Resources */ = {isa = PBXBuildFile; fileRef = 85F5E5341BF5B0480078BBCE /* UMSocialLocalizable.strings */; settings = {ASSET_TAGS = (); }; };
		85F5E56E1BF5B0480078BBCE /* libUMSocial_Sdk_4.2.5.a in Frameworks */ = {isa = PBXBuildFile; fileRef = 85F5E5421BF5B0480078BBCE /* libUMSocial_Sdk_4.2.5.a */; settings = {ASSET_TAGS = (); }; };
		85F5E56F1BF5B0480078BBCE /* UMSCommentDetailController.xib in Resources */ = {isa = PBXBuildFile; fileRef = 85F5E5441BF5B0480078BBCE /* UMSCommentDetailController.xib */; settings = {ASSET_TAGS = (); }; };
		85F5E5701BF5B0480078BBCE /* UMSCommentInputController.xib in Resources */ = {isa = PBXBuildFile; fileRef = 85F5E5451BF5B0480078BBCE /* UMSCommentInputController.xib */; settings = {ASSET_TAGS = (); }; };
		85F5E5711BF5B0480078BBCE /* UMSCommentInputControlleriPad.xib in Resources */ = {isa = PBXBuildFile; fileRef = 85F5E5461BF5B0480078BBCE /* UMSCommentInputControlleriPad.xib */; settings = {ASSET_TAGS = (); }; };
		85F5E5721BF5B0480078BBCE /* UMShareEditViewController.xib in Resources */ = {isa = PBXBuildFile; fileRef = 85F5E5471BF5B0480078BBCE /* UMShareEditViewController.xib */; settings = {ASSET_TAGS = (); }; };
		85F5E5731BF5B0480078BBCE /* UMShareEditViewControlleriPad.xib in Resources */ = {isa = PBXBuildFile; fileRef = 85F5E5481BF5B0480078BBCE /* UMShareEditViewControlleriPad.xib */; settings = {ASSET_TAGS = (); }; };
		85F5E5741BF5B0480078BBCE /* UMSLoginViewController.xib in Resources */ = {isa = PBXBuildFile; fileRef = 85F5E5491BF5B0480078BBCE /* UMSLoginViewController.xib */; settings = {ASSET_TAGS = (); }; };
		85F5E5751BF5B0480078BBCE /* UMSnsAccountViewController.xib in Resources */ = {isa = PBXBuildFile; fileRef = 85F5E54A1BF5B0480078BBCE /* UMSnsAccountViewController.xib */; settings = {ASSET_TAGS = (); }; };
		85F5E5761BF5B0480078BBCE /* UMSShareListController.xib in Resources */ = {isa = PBXBuildFile; fileRef = 85F5E54B1BF5B0480078BBCE /* UMSShareListController.xib */; settings = {ASSET_TAGS = (); }; };
		85F5E5771BF5B0480078BBCE /* UMSocialSDKResourcesNew.bundle in Resources */ = {isa = PBXBuildFile; fileRef = 85F5E54C1BF5B0480078BBCE /* UMSocialSDKResourcesNew.bundle */; settings = {ASSET_TAGS = (); }; };
		85F5E5781BF5B0480078BBCE /* libSocialQQ.a in Frameworks */ = {isa = PBXBuildFile; fileRef = 85F5E5501BF5B0480078BBCE /* libSocialQQ.a */; settings = {ASSET_TAGS = (); }; };
		85F5E5791BF5B0480078BBCE /* TencentOpenAPI.framework in Frameworks */ = {isa = PBXBuildFile; fileRef = 85F5E5511BF5B0480078BBCE /* TencentOpenAPI.framework */; settings = {ASSET_TAGS = (); }; };
		85F5E57A1BF5B0480078BBCE /* TencentOpenApi_IOS_Bundle.bundle in Resources */ = {isa = PBXBuildFile; fileRef = 85F5E5521BF5B0480078BBCE /* TencentOpenApi_IOS_Bundle.bundle */; settings = {ASSET_TAGS = (); }; };
		85F5E57B1BF5B0480078BBCE /* libSocialWechat.a in Frameworks */ = {isa = PBXBuildFile; fileRef = 85F5E5551BF5B0480078BBCE /* libSocialWechat.a */; settings = {ASSET_TAGS = (); }; };
		85F5E57C1BF5B0480078BBCE /* libWeChatSDK.a in Frameworks */ = {isa = PBXBuildFile; fileRef = 85F5E5561BF5B0480078BBCE /* libWeChatSDK.a */; settings = {ASSET_TAGS = (); }; };
		85F5E57D1BF5B0480078BBCE /* iOS-social-analytics-releasenote.html in Resources */ = {isa = PBXBuildFile; fileRef = 85F5E55B1BF5B0480078BBCE /* iOS-social-analytics-releasenote.html */; settings = {ASSET_TAGS = (); }; };
		85F5E57E1BF5B0480078BBCE /* iOS-social-releasenote.html in Resources */ = {isa = PBXBuildFile; fileRef = 85F5E55C1BF5B0480078BBCE /* iOS-social-releasenote.html */; settings = {ASSET_TAGS = (); }; };
		85F5E57F1BF5B0480078BBCE /* ios-social-sdk-comment-detail.html in Resources */ = {isa = PBXBuildFile; fileRef = 85F5E55D1BF5B0480078BBCE /* ios-social-sdk-comment-detail.html */; settings = {ASSET_TAGS = (); }; };
		85F5E5801BF5B0480078BBCE /* ios-social-sdk-comment-quick.html in Resources */ = {isa = PBXBuildFile; fileRef = 85F5E55E1BF5B0480078BBCE /* ios-social-sdk-comment-quick.html */; settings = {ASSET_TAGS = (); }; };
		85F5E5811BF5B0480078BBCE /* ios-social-sdk-like.html in Resources */ = {isa = PBXBuildFile; fileRef = 85F5E55F1BF5B0480078BBCE /* ios-social-sdk-like.html */; settings = {ASSET_TAGS = (); }; };
		85F5E5821BF5B0480078BBCE /* ios-social-sdk-login-detail.html in Resources */ = {isa = PBXBuildFile; fileRef = 85F5E5601BF5B0480078BBCE /* ios-social-sdk-login-detail.html */; settings = {ASSET_TAGS = (); }; };
		85F5E5831BF5B0480078BBCE /* ios-social-sdk-login-quick.html in Resources */ = {isa = PBXBuildFile; fileRef = 85F5E5611BF5B0480078BBCE /* ios-social-sdk-login-quick.html */; settings = {ASSET_TAGS = (); }; };
		85F5E5841BF5B0480078BBCE /* ios-social-sdk-shake.html in Resources */ = {isa = PBXBuildFile; fileRef = 85F5E5621BF5B0480078BBCE /* ios-social-sdk-shake.html */; settings = {ASSET_TAGS = (); }; };
		85F5E5851BF5B0480078BBCE /* ios-social-sdk-share-detail.html in Resources */ = {isa = PBXBuildFile; fileRef = 85F5E5631BF5B0480078BBCE /* ios-social-sdk-share-detail.html */; settings = {ASSET_TAGS = (); }; };
		85F5E5861BF5B0480078BBCE /* ios-social-sdk-share-quick.html in Resources */ = {isa = PBXBuildFile; fileRef = 85F5E5641BF5B0480078BBCE /* ios-social-sdk-share-quick.html */; settings = {ASSET_TAGS = (); }; };
		85F5E5871BF5B0480078BBCE /* ios-social-sdk-socialbar.html in Resources */ = {isa = PBXBuildFile; fileRef = 85F5E5651BF5B0480078BBCE /* ios-social-sdk-socialbar.html */; settings = {ASSET_TAGS = (); }; };
		85F5E5881BF5B0480078BBCE /* markdown.css in Resources */ = {isa = PBXBuildFile; fileRef = 85F5E5661BF5B0480078BBCE /* markdown.css */; settings = {ASSET_TAGS = (); }; };
		85F5E58A1BF5B2910078BBCE /* libz.tbd in Frameworks */ = {isa = PBXBuildFile; fileRef = 85F5E5891BF5B2910078BBCE /* libz.tbd */; };
		85F5E58C1BF5B29F0078BBCE /* libstdc++.tbd in Frameworks */ = {isa = PBXBuildFile; fileRef = 85F5E58B1BF5B29F0078BBCE /* libstdc++.tbd */; };
		85F5E58E1BF5B2B80078BBCE /* libsqlite3.tbd in Frameworks */ = {isa = PBXBuildFile; fileRef = 85F5E58D1BF5B2B80078BBCE /* libsqlite3.tbd */; };
		85F5E5901BF5B2C40078BBCE /* libiconv.tbd in Frameworks */ = {isa = PBXBuildFile; fileRef = 85F5E58F1BF5B2C40078BBCE /* libiconv.tbd */; };
		85F5E5921BF5B2D30078BBCE /* libsqlite3.0.tbd in Frameworks */ = {isa = PBXBuildFile; fileRef = 85F5E5911BF5B2D30078BBCE /* libsqlite3.0.tbd */; };
		85F5E5941BF5B2E60078BBCE /* CoreTelephony.framework in Frameworks */ = {isa = PBXBuildFile; fileRef = 85F5E5931BF5B2E60078BBCE /* CoreTelephony.framework */; };
		85F5E5961BF5B2EF0078BBCE /* CoreGraphics.framework in Frameworks */ = {isa = PBXBuildFile; fileRef = 85F5E5951BF5B2EF0078BBCE /* CoreGraphics.framework */; };
		85F5E5981BF5B2F80078BBCE /* Security.framework in Frameworks */ = {isa = PBXBuildFile; fileRef = 85F5E5971BF5B2F80078BBCE /* Security.framework */; };
		85F5E59A1BF5B3010078BBCE /* SystemConfiguration.framework in Frameworks */ = {isa = PBXBuildFile; fileRef = 85F5E5991BF5B3010078BBCE /* SystemConfiguration.framework */; };
		990433912765D96F292104CB /* libPods-EaseFun.a in Frameworks */ = {isa = PBXBuildFile; fileRef = D5C91379AAB647751B73E03A /* libPods-EaseFun.a */; };
/* End PBXBuildFile section */

/* Begin PBXFileReference section */
		312BADEA49A29974CB875BAF /* Pods-EaseFun.release.xcconfig */ = {isa = PBXFileReference; includeInIndex = 1; lastKnownFileType = text.xcconfig; name = "Pods-EaseFun.release.xcconfig"; path = "Pods/Target Support Files/Pods-EaseFun/Pods-EaseFun.release.xcconfig"; sourceTree = "<group>"; };
		722FDD85DC5A625CF6437973 /* Pods-EaseFun.debug.xcconfig */ = {isa = PBXFileReference; includeInIndex = 1; lastKnownFileType = text.xcconfig; name = "Pods-EaseFun.debug.xcconfig"; path = "Pods/Target Support Files/Pods-EaseFun/Pods-EaseFun.debug.xcconfig"; sourceTree = "<group>"; };
		852F48C61BF9A5F800A1BF79 /* AllNewsCell.h */ = {isa = PBXFileReference; fileEncoding = 4; lastKnownFileType = sourcecode.c.h; path = AllNewsCell.h; sourceTree = "<group>"; };
		856A88371BF231E400815898 /* EaseFun.app */ = {isa = PBXFileReference; explicitFileType = wrapper.application; includeInIndex = 0; path = EaseFun.app; sourceTree = BUILT_PRODUCTS_DIR; };
		856A883B1BF231E400815898 /* main.m */ = {isa = PBXFileReference; lastKnownFileType = sourcecode.c.objc; path = main.m; sourceTree = "<group>"; };
		856A883D1BF231E400815898 /* AppDelegate.h */ = {isa = PBXFileReference; lastKnownFileType = sourcecode.c.h; path = AppDelegate.h; sourceTree = "<group>"; };
		856A883E1BF231E400815898 /* AppDelegate.m */ = {isa = PBXFileReference; lastKnownFileType = sourcecode.c.objc; path = AppDelegate.m; sourceTree = "<group>"; };
		856A884B1BF231E400815898 /* Info.plist */ = {isa = PBXFileReference; lastKnownFileType = text.plist.xml; path = Info.plist; sourceTree = "<group>"; };
		8591584F1BF858EC00D535AB /* JokesModel.h */ = {isa = PBXFileReference; fileEncoding = 4; lastKnownFileType = sourcecode.c.h; path = JokesModel.h; sourceTree = "<group>"; };
		859158501BF858EC00D535AB /* JokesModel.m */ = {isa = PBXFileReference; fileEncoding = 4; lastKnownFileType = sourcecode.c.objc; path = JokesModel.m; sourceTree = "<group>"; };
		859158521BF85D8600D535AB /* NewsModel.h */ = {isa = PBXFileReference; fileEncoding = 4; lastKnownFileType = sourcecode.c.h; path = NewsModel.h; sourceTree = "<group>"; };
		859158531BF85D8600D535AB /* NewsModel.m */ = {isa = PBXFileReference; fileEncoding = 4; lastKnownFileType = sourcecode.c.objc; path = NewsModel.m; sourceTree = "<group>"; };
		8591585A1BF8691000D535AB /* NewsNetManager.h */ = {isa = PBXFileReference; fileEncoding = 4; lastKnownFileType = sourcecode.c.h; path = NewsNetManager.h; sourceTree = "<group>"; };
		8591585B1BF8691000D535AB /* NewsNetManager.m */ = {isa = PBXFileReference; fileEncoding = 4; lastKnownFileType = sourcecode.c.objc; path = NewsNetManager.m; sourceTree = "<group>"; };
		8591585D1BF8692100D535AB /* JokesNetManager.h */ = {isa = PBXFileReference; fileEncoding = 4; lastKnownFileType = sourcecode.c.h; path = JokesNetManager.h; sourceTree = "<group>"; };
		8591585E1BF8692100D535AB /* JokesNetManager.m */ = {isa = PBXFileReference; fileEncoding = 4; lastKnownFileType = sourcecode.c.objc; path = JokesNetManager.m; sourceTree = "<group>"; };
		859158621BF874B800D535AB /* JokesViewModel.h */ = {isa = PBXFileReference; fileEncoding = 4; lastKnownFileType = sourcecode.c.h; path = JokesViewModel.h; sourceTree = "<group>"; };
		859158631BF874B800D535AB /* JokesViewModel.m */ = {isa = PBXFileReference; fileEncoding = 4; lastKnownFileType = sourcecode.c.objc; path = JokesViewModel.m; sourceTree = "<group>"; };
		859158651BF874CA00D535AB /* NewsViewModel.h */ = {isa = PBXFileReference; fileEncoding = 4; lastKnownFileType = sourcecode.c.h; path = NewsViewModel.h; sourceTree = "<group>"; };
		859158661BF874CA00D535AB /* NewsViewModel.m */ = {isa = PBXFileReference; fileEncoding = 4; lastKnownFileType = sourcecode.c.objc; path = NewsViewModel.m; sourceTree = "<group>"; };
		85EE61E21BF96A5800E42A6F /* NewsCommonCell.h */ = {isa = PBXFileReference; fileEncoding = 4; lastKnownFileType = sourcecode.c.h; path = NewsCommonCell.h; sourceTree = "<group>"; };
		85EE61E31BF96A5800E42A6F /* NewsCommonCell.m */ = {isa = PBXFileReference; fileEncoding = 4; lastKnownFileType = sourcecode.c.objc; path = NewsCommonCell.m; sourceTree = "<group>"; };
		85EE61E51BF96D2700E42A6F /* ClipImageView.h */ = {isa = PBXFileReference; fileEncoding = 4; lastKnownFileType = sourcecode.c.h; path = ClipImageView.h; sourceTree = "<group>"; };
		85EE61E61BF96D2700E42A6F /* ClipImageView.m */ = {isa = PBXFileReference; fileEncoding = 4; lastKnownFileType = sourcecode.c.objc; path = ClipImageView.m; sourceTree = "<group>"; };
		85EE61E81BF96E5B00E42A6F /* NewsImagesCell.h */ = {isa = PBXFileReference; fileEncoding = 4; lastKnownFileType = sourcecode.c.h; path = NewsImagesCell.h; sourceTree = "<group>"; };
		85EE61E91BF96E5B00E42A6F /* NewsImagesCell.m */ = {isa = PBXFileReference; fileEncoding = 4; lastKnownFileType = sourcecode.c.objc; path = NewsImagesCell.m; sourceTree = "<group>"; };
		85EE61EB1BF97F6200E42A6F /* NewsBigCoverCell.h */ = {isa = PBXFileReference; fileEncoding = 4; lastKnownFileType = sourcecode.c.h; path = NewsBigCoverCell.h; sourceTree = "<group>"; };
		85EE61EC1BF97F6200E42A6F /* NewsBigCoverCell.m */ = {isa = PBXFileReference; fileEncoding = 4; lastKnownFileType = sourcecode.c.objc; path = NewsBigCoverCell.m; sourceTree = "<group>"; };
		85EFCF361BF8C8D2001B613C /* userIcon.bundle */ = {isa = PBXFileReference; lastKnownFileType = "wrapper.plug-in"; path = userIcon.bundle; sourceTree = "<group>"; };
		85EFCF381BF8CD0A001B613C /* MainViewController.h */ = {isa = PBXFileReference; fileEncoding = 4; lastKnownFileType = sourcecode.c.h; path = MainViewController.h; sourceTree = "<group>"; };
		85EFCF391BF8CD0A001B613C /* MainViewController.m */ = {isa = PBXFileReference; fileEncoding = 4; lastKnownFileType = sourcecode.c.objc; path = MainViewController.m; sourceTree = "<group>"; };
		85EFCF3D1BF8CFF1001B613C /* JokesViewController.h */ = {isa = PBXFileReference; fileEncoding = 4; lastKnownFileType = sourcecode.c.h; path = JokesViewController.h; sourceTree = "<group>"; };
		85EFCF3E1BF8CFF1001B613C /* JokesViewController.m */ = {isa = PBXFileReference; fileEncoding = 4; lastKnownFileType = sourcecode.c.objc; path = JokesViewController.m; sourceTree = "<group>"; };
		85EFCF401BF8CFFC001B613C /* NewsViewController.h */ = {isa = PBXFileReference; fileEncoding = 4; lastKnownFileType = sourcecode.c.h; path = NewsViewController.h; sourceTree = "<group>"; };
		85EFCF411BF8CFFC001B613C /* NewsViewController.m */ = {isa = PBXFileReference; fileEncoding = 4; lastKnownFileType = sourcecode.c.objc; path = NewsViewController.m; sourceTree = "<group>"; };
		85F5E3841BF56B670078BBCE /* Constants.h */ = {isa = PBXFileReference; fileEncoding = 4; lastKnownFileType = sourcecode.c.h; path = Constants.h; sourceTree = "<group>"; };
		85F5E4331BF582FB0078BBCE /* Factory.h */ = {isa = PBXFileReference; fileEncoding = 4; lastKnownFileType = sourcecode.c.h; path = Factory.h; sourceTree = "<group>"; };
		85F5E4341BF582FB0078BBCE /* Factory.m */ = {isa = PBXFileReference; fileEncoding = 4; lastKnownFileType = sourcecode.c.objc; path = Factory.m; sourceTree = "<group>"; };
		85F5E4371BF583170078BBCE /* AppDelegate+Category.h */ = {isa = PBXFileReference; fileEncoding = 4; lastKnownFileType = sourcecode.c.h; path = "AppDelegate+Category.h"; sourceTree = "<group>"; };
		85F5E4381BF583170078BBCE /* AppDelegate+Category.m */ = {isa = PBXFileReference; fileEncoding = 4; lastKnownFileType = sourcecode.c.objc; path = "AppDelegate+Category.m"; sourceTree = "<group>"; };
		85F5E43A1BF583170078BBCE /* NSObject+Common.h */ = {isa = PBXFileReference; fileEncoding = 4; lastKnownFileType = sourcecode.c.h; path = "NSObject+Common.h"; sourceTree = "<group>"; };
		85F5E43B1BF583170078BBCE /* NSObject+Common.m */ = {isa = PBXFileReference; fileEncoding = 4; lastKnownFileType = sourcecode.c.objc; path = "NSObject+Common.m"; sourceTree = "<group>"; };
		85F5E43C1BF583170078BBCE /* NSString+PJR.h */ = {isa = PBXFileReference; fileEncoding = 4; lastKnownFileType = sourcecode.c.h; path = "NSString+PJR.h"; sourceTree = "<group>"; };
		85F5E43D1BF583170078BBCE /* NSString+PJR.m */ = {isa = PBXFileReference; fileEncoding = 4; lastKnownFileType = sourcecode.c.objc; path = "NSString+PJR.m"; sourceTree = "<group>"; };
		85F5E43E1BF583170078BBCE /* NSString+QRCode.h */ = {isa = PBXFileReference; fileEncoding = 4; lastKnownFileType = sourcecode.c.h; path = "NSString+QRCode.h"; sourceTree = "<group>"; };
		85F5E43F1BF583170078BBCE /* NSString+QRCode.m */ = {isa = PBXFileReference; fileEncoding = 4; lastKnownFileType = sourcecode.c.objc; path = "NSString+QRCode.m"; sourceTree = "<group>"; };
		85F5E4AC1BF5A9080078BBCE /* BaseModel.h */ = {isa = PBXFileReference; fileEncoding = 4; lastKnownFileType = sourcecode.c.h; path = BaseModel.h; sourceTree = "<group>"; };
		85F5E4AD1BF5A9080078BBCE /* BaseModel.m */ = {isa = PBXFileReference; fileEncoding = 4; lastKnownFileType = sourcecode.c.objc; path = BaseModel.m; sourceTree = "<group>"; };
		85F5E4AF1BF5A91E0078BBCE /* BaseNetManager.h */ = {isa = PBXFileReference; fileEncoding = 4; lastKnownFileType = sourcecode.c.h; path = BaseNetManager.h; sourceTree = "<group>"; };
		85F5E4B01BF5A91E0078BBCE /* BaseNetManager.m */ = {isa = PBXFileReference; fileEncoding = 4; lastKnownFileType = sourcecode.c.objc; path = BaseNetManager.m; sourceTree = "<group>"; };
		85F5E4B21BF5A97C0078BBCE /* BaseViewModel.h */ = {isa = PBXFileReference; fileEncoding = 4; lastKnownFileType = sourcecode.c.h; path = BaseViewModel.h; sourceTree = "<group>"; };
		85F5E4B31BF5A97C0078BBCE /* BaseViewModel.m */ = {isa = PBXFileReference; fileEncoding = 4; lastKnownFileType = sourcecode.c.objc; path = BaseViewModel.m; sourceTree = "<group>"; };
		85F5E4B61BF5AC360078BBCE /* PrefixHeader.pch */ = {isa = PBXFileReference; fileEncoding = 4; lastKnownFileType = sourcecode.c.h; path = PrefixHeader.pch; sourceTree = "<group>"; };
		85F5E4B71BF5ACE00078BBCE /* Assets.xcassets */ = {isa = PBXFileReference; lastKnownFileType = folder.assetcatalog; path = Assets.xcassets; sourceTree = "<group>"; };
		85F5E4B91BF5ACF30078BBCE /* LaunchScreen.storyboard */ = {isa = PBXFileReference; fileEncoding = 4; lastKnownFileType = file.storyboard; path = LaunchScreen.storyboard; sourceTree = "<group>"; };
		85F5E4BB1BF5ACFC0078BBCE /* Main.storyboard */ = {isa = PBXFileReference; fileEncoding = 4; lastKnownFileType = file.storyboard; path = Main.storyboard; sourceTree = "<group>"; };
		85F5E5251BF5B0480078BBCE /* iCarousel.h */ = {isa = PBXFileReference; fileEncoding = 4; lastKnownFileType = sourcecode.c.h; path = iCarousel.h; sourceTree = "<group>"; };
		85F5E5261BF5B0480078BBCE /* iCarousel.m */ = {isa = PBXFileReference; fileEncoding = 4; lastKnownFileType = sourcecode.c.objc; path = iCarousel.m; sourceTree = "<group>"; };
		85F5E5281BF5B0480078BBCE /* .gitignore */ = {isa = PBXFileReference; fileEncoding = 4; lastKnownFileType = text; path = .gitignore; sourceTree = "<group>"; };
		85F5E5291BF5B0480078BBCE /* LICENSE */ = {isa = PBXFileReference; fileEncoding = 4; lastKnownFileType = text; path = LICENSE; sourceTree = "<group>"; };
		85F5E52A1BF5B0480078BBCE /* PSCollectionView.h */ = {isa = PBXFileReference; fileEncoding = 4; lastKnownFileType = sourcecode.c.h; path = PSCollectionView.h; sourceTree = "<group>"; };
		85F5E52B1BF5B0480078BBCE /* PSCollectionView.m */ = {isa = PBXFileReference; fileEncoding = 4; lastKnownFileType = sourcecode.c.objc; path = PSCollectionView.m; sourceTree = "<group>"; };
		85F5E52C1BF5B0480078BBCE /* PSCollectionViewCell.h */ = {isa = PBXFileReference; fileEncoding = 4; lastKnownFileType = sourcecode.c.h; path = PSCollectionViewCell.h; sourceTree = "<group>"; };
		85F5E52D1BF5B0480078BBCE /* PSCollectionViewCell.m */ = {isa = PBXFileReference; fileEncoding = 4; lastKnownFileType = sourcecode.c.objc; path = PSCollectionViewCell.m; sourceTree = "<group>"; };
		85F5E52F1BF5B0480078BBCE /* libMobClickLibrary.a */ = {isa = PBXFileReference; lastKnownFileType = archive.ar; path = libMobClickLibrary.a; sourceTree = "<group>"; };
		85F5E5301BF5B0480078BBCE /* MobClick.h */ = {isa = PBXFileReference; fileEncoding = 4; lastKnownFileType = sourcecode.c.h; path = MobClick.h; sourceTree = "<group>"; };
		85F5E5311BF5B0480078BBCE /* MobClickSocialAnalytics.h */ = {isa = PBXFileReference; fileEncoding = 4; lastKnownFileType = sourcecode.c.h; path = MobClickSocialAnalytics.h; sourceTree = "<group>"; };
		85F5E5351BF5B0480078BBCE /* en */ = {isa = PBXFileReference; lastKnownFileType = text.plist.strings; name = en; path = en.lproj/UMSocialLocalizable.strings; sourceTree = "<group>"; };
		85F5E5371BF5B0480078BBCE /* UMSocial.h */ = {isa = PBXFileReference; fileEncoding = 4; lastKnownFileType = sourcecode.c.h; path = UMSocial.h; sourceTree = "<group>"; };
		85F5E5381BF5B0480078BBCE /* UMSocialAccountManager.h */ = {isa = PBXFileReference; fileEncoding = 4; lastKnownFileType = sourcecode.c.h; path = UMSocialAccountManager.h; sourceTree = "<group>"; };
		85F5E5391BF5B0480078BBCE /* UMSocialBar.h */ = {isa = PBXFileReference; fileEncoding = 4; lastKnownFileType = sourcecode.c.h; path = UMSocialBar.h; sourceTree = "<group>"; };
		85F5E53A1BF5B0480078BBCE /* UMSocialConfig.h */ = {isa = PBXFileReference; fileEncoding = 4; lastKnownFileType = sourcecode.c.h; path = UMSocialConfig.h; sourceTree = "<group>"; };
		85F5E53B1BF5B0480078BBCE /* UMSocialControllerService.h */ = {isa = PBXFileReference; fileEncoding = 4; lastKnownFileType = sourcecode.c.h; path = UMSocialControllerService.h; sourceTree = "<group>"; };
		85F5E53C1BF5B0480078BBCE /* UMSocialControllerServiceComment.h */ = {isa = PBXFileReference; fileEncoding = 4; lastKnownFileType = sourcecode.c.h; path = UMSocialControllerServiceComment.h; sourceTree = "<group>"; };
		85F5E53D1BF5B0480078BBCE /* UMSocialData.h */ = {isa = PBXFileReference; fileEncoding = 4; lastKnownFileType = sourcecode.c.h; path = UMSocialData.h; sourceTree = "<group>"; };
		85F5E53E1BF5B0480078BBCE /* UMSocialDataService.h */ = {isa = PBXFileReference; fileEncoding = 4; lastKnownFileType = sourcecode.c.h; path = UMSocialDataService.h; sourceTree = "<group>"; };
		85F5E53F1BF5B0480078BBCE /* UMSocialSnsData.h */ = {isa = PBXFileReference; fileEncoding = 4; lastKnownFileType = sourcecode.c.h; path = UMSocialSnsData.h; sourceTree = "<group>"; };
		85F5E5401BF5B0480078BBCE /* UMSocialSnsPlatformManager.h */ = {isa = PBXFileReference; fileEncoding = 4; lastKnownFileType = sourcecode.c.h; path = UMSocialSnsPlatformManager.h; sourceTree = "<group>"; };
		85F5E5411BF5B0480078BBCE /* UMSocialSnsService.h */ = {isa = PBXFileReference; fileEncoding = 4; lastKnownFileType = sourcecode.c.h; path = UMSocialSnsService.h; sourceTree = "<group>"; };
		85F5E5421BF5B0480078BBCE /* libUMSocial_Sdk_4.2.5.a */ = {isa = PBXFileReference; lastKnownFileType = archive.ar; path = libUMSocial_Sdk_4.2.5.a; sourceTree = "<group>"; };
		85F5E5441BF5B0480078BBCE /* UMSCommentDetailController.xib */ = {isa = PBXFileReference; fileEncoding = 4; lastKnownFileType = file.xib; path = UMSCommentDetailController.xib; sourceTree = "<group>"; };
		85F5E5451BF5B0480078BBCE /* UMSCommentInputController.xib */ = {isa = PBXFileReference; fileEncoding = 4; lastKnownFileType = file.xib; path = UMSCommentInputController.xib; sourceTree = "<group>"; };
		85F5E5461BF5B0480078BBCE /* UMSCommentInputControlleriPad.xib */ = {isa = PBXFileReference; fileEncoding = 4; lastKnownFileType = file.xib; path = UMSCommentInputControlleriPad.xib; sourceTree = "<group>"; };
		85F5E5471BF5B0480078BBCE /* UMShareEditViewController.xib */ = {isa = PBXFileReference; fileEncoding = 4; lastKnownFileType = file.xib; path = UMShareEditViewController.xib; sourceTree = "<group>"; };
		85F5E5481BF5B0480078BBCE /* UMShareEditViewControlleriPad.xib */ = {isa = PBXFileReference; fileEncoding = 4; lastKnownFileType = file.xib; path = UMShareEditViewControlleriPad.xib; sourceTree = "<group>"; };
		85F5E5491BF5B0480078BBCE /* UMSLoginViewController.xib */ = {isa = PBXFileReference; fileEncoding = 4; lastKnownFileType = file.xib; path = UMSLoginViewController.xib; sourceTree = "<group>"; };
		85F5E54A1BF5B0480078BBCE /* UMSnsAccountViewController.xib */ = {isa = PBXFileReference; fileEncoding = 4; lastKnownFileType = file.xib; path = UMSnsAccountViewController.xib; sourceTree = "<group>"; };
		85F5E54B1BF5B0480078BBCE /* UMSShareListController.xib */ = {isa = PBXFileReference; fileEncoding = 4; lastKnownFileType = file.xib; path = UMSShareListController.xib; sourceTree = "<group>"; };
		85F5E54C1BF5B0480078BBCE /* UMSocialSDKResourcesNew.bundle */ = {isa = PBXFileReference; lastKnownFileType = "wrapper.plug-in"; path = UMSocialSDKResourcesNew.bundle; sourceTree = "<group>"; };
		85F5E54D1BF5B0480078BBCE /* zh-Hans */ = {isa = PBXFileReference; lastKnownFileType = text.plist.strings; name = "zh-Hans"; path = "zh-Hans.lproj/UMSocialLocalizable.strings"; sourceTree = "<group>"; };
		85F5E5501BF5B0480078BBCE /* libSocialQQ.a */ = {isa = PBXFileReference; lastKnownFileType = archive.ar; path = libSocialQQ.a; sourceTree = "<group>"; };
		85F5E5511BF5B0480078BBCE /* TencentOpenAPI.framework */ = {isa = PBXFileReference; lastKnownFileType = wrapper.framework; path = TencentOpenAPI.framework; sourceTree = "<group>"; };
		85F5E5521BF5B0480078BBCE /* TencentOpenApi_IOS_Bundle.bundle */ = {isa = PBXFileReference; lastKnownFileType = "wrapper.plug-in"; path = TencentOpenApi_IOS_Bundle.bundle; sourceTree = "<group>"; };
		85F5E5531BF5B0480078BBCE /* UMSocialQQHandler.h */ = {isa = PBXFileReference; fileEncoding = 4; lastKnownFileType = sourcecode.c.h; path = UMSocialQQHandler.h; sourceTree = "<group>"; };
		85F5E5551BF5B0480078BBCE /* libSocialWechat.a */ = {isa = PBXFileReference; lastKnownFileType = archive.ar; path = libSocialWechat.a; sourceTree = "<group>"; };
		85F5E5561BF5B0480078BBCE /* libWeChatSDK.a */ = {isa = PBXFileReference; lastKnownFileType = archive.ar; path = libWeChatSDK.a; sourceTree = "<group>"; };
		85F5E5571BF5B0480078BBCE /* UMSocialWechatHandler.h */ = {isa = PBXFileReference; fileEncoding = 4; lastKnownFileType = sourcecode.c.h; path = UMSocialWechatHandler.h; sourceTree = "<group>"; };
		85F5E5581BF5B0480078BBCE /* WXApi.h */ = {isa = PBXFileReference; fileEncoding = 4; lastKnownFileType = sourcecode.c.h; path = WXApi.h; sourceTree = "<group>"; };
		85F5E5591BF5B0480078BBCE /* WXApiObject.h */ = {isa = PBXFileReference; fileEncoding = 4; lastKnownFileType = sourcecode.c.h; path = WXApiObject.h; sourceTree = "<group>"; };
		85F5E55B1BF5B0480078BBCE /* iOS-social-analytics-releasenote.html */ = {isa = PBXFileReference; fileEncoding = 4; lastKnownFileType = text.html; path = "iOS-social-analytics-releasenote.html"; sourceTree = "<group>"; };
		85F5E55C1BF5B0480078BBCE /* iOS-social-releasenote.html */ = {isa = PBXFileReference; fileEncoding = 4; lastKnownFileType = text.html; path = "iOS-social-releasenote.html"; sourceTree = "<group>"; };
		85F5E55D1BF5B0480078BBCE /* ios-social-sdk-comment-detail.html */ = {isa = PBXFileReference; fileEncoding = 4; lastKnownFileType = text.html; path = "ios-social-sdk-comment-detail.html"; sourceTree = "<group>"; };
		85F5E55E1BF5B0480078BBCE /* ios-social-sdk-comment-quick.html */ = {isa = PBXFileReference; fileEncoding = 4; lastKnownFileType = text.html; path = "ios-social-sdk-comment-quick.html"; sourceTree = "<group>"; };
		85F5E55F1BF5B0480078BBCE /* ios-social-sdk-like.html */ = {isa = PBXFileReference; fileEncoding = 4; lastKnownFileType = text.html; path = "ios-social-sdk-like.html"; sourceTree = "<group>"; };
		85F5E5601BF5B0480078BBCE /* ios-social-sdk-login-detail.html */ = {isa = PBXFileReference; fileEncoding = 4; lastKnownFileType = text.html; path = "ios-social-sdk-login-detail.html"; sourceTree = "<group>"; };
		85F5E5611BF5B0480078BBCE /* ios-social-sdk-login-quick.html */ = {isa = PBXFileReference; fileEncoding = 4; lastKnownFileType = text.html; path = "ios-social-sdk-login-quick.html"; sourceTree = "<group>"; };
		85F5E5621BF5B0480078BBCE /* ios-social-sdk-shake.html */ = {isa = PBXFileReference; fileEncoding = 4; lastKnownFileType = text.html; path = "ios-social-sdk-shake.html"; sourceTree = "<group>"; };
		85F5E5631BF5B0480078BBCE /* ios-social-sdk-share-detail.html */ = {isa = PBXFileReference; fileEncoding = 4; lastKnownFileType = text.html; path = "ios-social-sdk-share-detail.html"; sourceTree = "<group>"; };
		85F5E5641BF5B0480078BBCE /* ios-social-sdk-share-quick.html */ = {isa = PBXFileReference; fileEncoding = 4; lastKnownFileType = text.html; path = "ios-social-sdk-share-quick.html"; sourceTree = "<group>"; };
		85F5E5651BF5B0480078BBCE /* ios-social-sdk-socialbar.html */ = {isa = PBXFileReference; fileEncoding = 4; lastKnownFileType = text.html; path = "ios-social-sdk-socialbar.html"; sourceTree = "<group>"; };
		85F5E5661BF5B0480078BBCE /* markdown.css */ = {isa = PBXFileReference; fileEncoding = 4; lastKnownFileType = text.css; path = markdown.css; sourceTree = "<group>"; };
		85F5E5891BF5B2910078BBCE /* libz.tbd */ = {isa = PBXFileReference; lastKnownFileType = "sourcecode.text-based-dylib-definition"; name = libz.tbd; path = usr/lib/libz.tbd; sourceTree = SDKROOT; };
		85F5E58B1BF5B29F0078BBCE /* libstdc++.tbd */ = {isa = PBXFileReference; lastKnownFileType = "sourcecode.text-based-dylib-definition"; name = "libstdc++.tbd"; path = "usr/lib/libstdc++.tbd"; sourceTree = SDKROOT; };
		85F5E58D1BF5B2B80078BBCE /* libsqlite3.tbd */ = {isa = PBXFileReference; lastKnownFileType = "sourcecode.text-based-dylib-definition"; name = libsqlite3.tbd; path = usr/lib/libsqlite3.tbd; sourceTree = SDKROOT; };
		85F5E58F1BF5B2C40078BBCE /* libiconv.tbd */ = {isa = PBXFileReference; lastKnownFileType = "sourcecode.text-based-dylib-definition"; name = libiconv.tbd; path = usr/lib/libiconv.tbd; sourceTree = SDKROOT; };
		85F5E5911BF5B2D30078BBCE /* libsqlite3.0.tbd */ = {isa = PBXFileReference; lastKnownFileType = "sourcecode.text-based-dylib-definition"; name = libsqlite3.0.tbd; path = usr/lib/libsqlite3.0.tbd; sourceTree = SDKROOT; };
		85F5E5931BF5B2E60078BBCE /* CoreTelephony.framework */ = {isa = PBXFileReference; lastKnownFileType = wrapper.framework; name = CoreTelephony.framework; path = System/Library/Frameworks/CoreTelephony.framework; sourceTree = SDKROOT; };
		85F5E5951BF5B2EF0078BBCE /* CoreGraphics.framework */ = {isa = PBXFileReference; lastKnownFileType = wrapper.framework; name = CoreGraphics.framework; path = System/Library/Frameworks/CoreGraphics.framework; sourceTree = SDKROOT; };
		85F5E5971BF5B2F80078BBCE /* Security.framework */ = {isa = PBXFileReference; lastKnownFileType = wrapper.framework; name = Security.framework; path = System/Library/Frameworks/Security.framework; sourceTree = SDKROOT; };
		85F5E5991BF5B3010078BBCE /* SystemConfiguration.framework */ = {isa = PBXFileReference; lastKnownFileType = wrapper.framework; name = SystemConfiguration.framework; path = System/Library/Frameworks/SystemConfiguration.framework; sourceTree = SDKROOT; };
		D5C91379AAB647751B73E03A /* libPods-EaseFun.a */ = {isa = PBXFileReference; explicitFileType = archive.ar; includeInIndex = 0; path = "libPods-EaseFun.a"; sourceTree = BUILT_PRODUCTS_DIR; };
/* End PBXFileReference section */

/* Begin PBXFrameworksBuildPhase section */
		856A88341BF231E400815898 /* Frameworks */ = {
			isa = PBXFrameworksBuildPhase;
			buildActionMask = 2147483647;
			files = (
				85F5E59A1BF5B3010078BBCE /* SystemConfiguration.framework in Frameworks */,
				85F5E5981BF5B2F80078BBCE /* Security.framework in Frameworks */,
				85F5E5961BF5B2EF0078BBCE /* CoreGraphics.framework in Frameworks */,
				85F5E5941BF5B2E60078BBCE /* CoreTelephony.framework in Frameworks */,
				85F5E5921BF5B2D30078BBCE /* libsqlite3.0.tbd in Frameworks */,
				85F5E5901BF5B2C40078BBCE /* libiconv.tbd in Frameworks */,
				85F5E58E1BF5B2B80078BBCE /* libsqlite3.tbd in Frameworks */,
				85F5E58C1BF5B29F0078BBCE /* libstdc++.tbd in Frameworks */,
				85F5E58A1BF5B2910078BBCE /* libz.tbd in Frameworks */,
				85F5E57C1BF5B0480078BBCE /* libWeChatSDK.a in Frameworks */,
				85F5E5791BF5B0480078BBCE /* TencentOpenAPI.framework in Frameworks */,
				85F5E5781BF5B0480078BBCE /* libSocialQQ.a in Frameworks */,
				85F5E56E1BF5B0480078BBCE /* libUMSocial_Sdk_4.2.5.a in Frameworks */,
				990433912765D96F292104CB /* libPods-EaseFun.a in Frameworks */,
				85F5E57B1BF5B0480078BBCE /* libSocialWechat.a in Frameworks */,
				85F5E56C1BF5B0480078BBCE /* libMobClickLibrary.a in Frameworks */,
			);
			runOnlyForDeploymentPostprocessing = 0;
		};
/* End PBXFrameworksBuildPhase section */

/* Begin PBXGroup section */
		59AB4B0CD73BE147870E256C /* Pods */ = {
			isa = PBXGroup;
			children = (
				722FDD85DC5A625CF6437973 /* Pods-EaseFun.debug.xcconfig */,
				312BADEA49A29974CB875BAF /* Pods-EaseFun.release.xcconfig */,
			);
			name = Pods;
			sourceTree = "<group>";
		};
		856A882E1BF231E400815898 = {
			isa = PBXGroup;
			children = (
				856A88391BF231E400815898 /* EaseFun */,
				856A88381BF231E400815898 /* Products */,
				59AB4B0CD73BE147870E256C /* Pods */,
				F6AE83F2EAA55159CF89DE68 /* Frameworks */,
			);
			sourceTree = "<group>";
		};
		856A88381BF231E400815898 /* Products */ = {
			isa = PBXGroup;
			children = (
				856A88371BF231E400815898 /* EaseFun.app */,
			);
			name = Products;
			sourceTree = "<group>";
		};
		856A88391BF231E400815898 /* EaseFun */ = {
			isa = PBXGroup;
			children = (
				85F5E4B51BF5AC360078BBCE /* Resource */,
				856A88511BF2362F00815898 /* Define */,
				856A88521BF2362F00815898 /* Model */,
				856A88531BF2362F00815898 /* NetManager */,
				856A88551BF2362F00815898 /* Util */,
				856A88561BF2362F00815898 /* Vendor */,
				856A88571BF2362F00815898 /* View */,
				856A88581BF2362F00815898 /* ViewController */,
				856A885B1BF2362F00815898 /* ViewModel */,
				856A883A1BF231E400815898 /* Supporting Files */,
			);
			path = EaseFun;
			sourceTree = "<group>";
		};
		856A883A1BF231E400815898 /* Supporting Files */ = {
			isa = PBXGroup;
			children = (
				856A883D1BF231E400815898 /* AppDelegate.h */,
				856A883E1BF231E400815898 /* AppDelegate.m */,
				856A884B1BF231E400815898 /* Info.plist */,
				856A883B1BF231E400815898 /* main.m */,
			);
			name = "Supporting Files";
			sourceTree = "<group>";
		};
		856A88511BF2362F00815898 /* Define */ = {
			isa = PBXGroup;
			children = (
				85F5E3841BF56B670078BBCE /* Constants.h */,
			);
			path = Define;
			sourceTree = "<group>";
		};
		856A88521BF2362F00815898 /* Model */ = {
			isa = PBXGroup;
			children = (
				8591584D1BF8579C00D535AB /* Jokes */,
				8591584E1BF8579C00D535AB /* News */,
				85F5E4AC1BF5A9080078BBCE /* BaseModel.h */,
				85F5E4AD1BF5A9080078BBCE /* BaseModel.m */,
			);
			path = Model;
			sourceTree = "<group>";
		};
		856A88531BF2362F00815898 /* NetManager */ = {
			isa = PBXGroup;
			children = (
				859158551BF860F100D535AB /* Jokes */,
				859158561BF860F100D535AB /* News */,
				85F5E4AF1BF5A91E0078BBCE /* BaseNetManager.h */,
				85F5E4B01BF5A91E0078BBCE /* BaseNetManager.m */,
			);
			path = NetManager;
			sourceTree = "<group>";
		};
		856A88551BF2362F00815898 /* Util */ = {
			isa = PBXGroup;
			children = (
				85F5E4361BF583170078BBCE /* Category */,
				85F5E4331BF582FB0078BBCE /* Factory.h */,
				85F5E4341BF582FB0078BBCE /* Factory.m */,
			);
			path = Util;
			sourceTree = "<group>";
		};
		856A88561BF2362F00815898 /* Vendor */ = {
			isa = PBXGroup;
			children = (
				85F5E5241BF5B0480078BBCE /* iCarousel */,
				85F5E5271BF5B0480078BBCE /* PSCollectionView-master */,
				85F5E52E1BF5B0480078BBCE /* UMAnalytics_Sdk_3.6.4 */,
				85F5E5321BF5B0480078BBCE /* umeng_ios_social_sdk_4.2-2.5_arm64_custom */,
			);
			path = Vendor;
			sourceTree = "<group>";
		};
		856A88571BF2362F00815898 /* View */ = {
			isa = PBXGroup;
			children = (
				85EE61E51BF96D2700E42A6F /* ClipImageView.h */,
				85EE61E61BF96D2700E42A6F /* ClipImageView.m */,
				85EE61E11BF96A2800E42A6F /* News */,
				85EE61E01BF96A2800E42A6F /* Jokes */,
			);
			path = View;
			sourceTree = "<group>";
		};
		856A88581BF2362F00815898 /* ViewController */ = {
			isa = PBXGroup;
			children = (
				85EFCF381BF8CD0A001B613C /* MainViewController.h */,
				85EFCF391BF8CD0A001B613C /* MainViewController.m */,
				85EFCF3C1BF8CFDA001B613C /* News */,
				85EFCF3B1BF8CFDA001B613C /* Jokes */,
			);
			path = ViewController;
			sourceTree = "<group>";
		};
		856A885B1BF2362F00815898 /* ViewModel */ = {
			isa = PBXGroup;
			children = (
				859158601BF8748300D535AB /* Jokes */,
				859158611BF8748300D535AB /* News */,
				85F5E4B21BF5A97C0078BBCE /* BaseViewModel.h */,
				85F5E4B31BF5A97C0078BBCE /* BaseViewModel.m */,
			);
			path = ViewModel;
			sourceTree = "<group>";
		};
		8591584D1BF8579C00D535AB /* Jokes */ = {
			isa = PBXGroup;
			children = (
				8591584F1BF858EC00D535AB /* JokesModel.h */,
				859158501BF858EC00D535AB /* JokesModel.m */,
			);
			path = Jokes;
			sourceTree = "<group>";
		};
		8591584E1BF8579C00D535AB /* News */ = {
			isa = PBXGroup;
			children = (
				859158521BF85D8600D535AB /* NewsModel.h */,
				859158531BF85D8600D535AB /* NewsModel.m */,
			);
			path = News;
			sourceTree = "<group>";
		};
		859158551BF860F100D535AB /* Jokes */ = {
			isa = PBXGroup;
			children = (
				8591585D1BF8692100D535AB /* JokesNetManager.h */,
				8591585E1BF8692100D535AB /* JokesNetManager.m */,
			);
			path = Jokes;
			sourceTree = "<group>";
		};
		859158561BF860F100D535AB /* News */ = {
			isa = PBXGroup;
			children = (
				8591585A1BF8691000D535AB /* NewsNetManager.h */,
				8591585B1BF8691000D535AB /* NewsNetManager.m */,
			);
			path = News;
			sourceTree = "<group>";
		};
		859158601BF8748300D535AB /* Jokes */ = {
			isa = PBXGroup;
			children = (
				859158621BF874B800D535AB /* JokesViewModel.h */,
				859158631BF874B800D535AB /* JokesViewModel.m */,
			);
			path = Jokes;
			sourceTree = "<group>";
		};
		859158611BF8748300D535AB /* News */ = {
			isa = PBXGroup;
			children = (
				859158651BF874CA00D535AB /* NewsViewModel.h */,
				859158661BF874CA00D535AB /* NewsViewModel.m */,
			);
			path = News;
			sourceTree = "<group>";
		};
		85EE61E01BF96A2800E42A6F /* Jokes */ = {
			isa = PBXGroup;
			children = (
			);
			path = Jokes;
			sourceTree = "<group>";
		};
		85EE61E11BF96A2800E42A6F /* News */ = {
			isa = PBXGroup;
			children = (
				85EE61E21BF96A5800E42A6F /* NewsCommonCell.h */,
				85EE61E31BF96A5800E42A6F /* NewsCommonCell.m */,
				85EE61E81BF96E5B00E42A6F /* NewsImagesCell.h */,
				85EE61E91BF96E5B00E42A6F /* NewsImagesCell.m */,
				85EE61EB1BF97F6200E42A6F /* NewsBigCoverCell.h */,
				85EE61EC1BF97F6200E42A6F /* NewsBigCoverCell.m */,
				852F48C61BF9A5F800A1BF79 /* AllNewsCell.h */,
			);
			path = News;
			sourceTree = "<group>";
		};
		85EFCF3B1BF8CFDA001B613C /* Jokes */ = {
			isa = PBXGroup;
			children = (
				85EFCF3D1BF8CFF1001B613C /* JokesViewController.h */,
				85EFCF3E1BF8CFF1001B613C /* JokesViewController.m */,
			);
			path = Jokes;
			sourceTree = "<group>";
		};
		85EFCF3C1BF8CFDA001B613C /* News */ = {
			isa = PBXGroup;
			children = (
				85EFCF401BF8CFFC001B613C /* NewsViewController.h */,
				85EFCF411BF8CFFC001B613C /* NewsViewController.m */,
			);
			path = News;
			sourceTree = "<group>";
		};
		85F5E4361BF583170078BBCE /* Category */ = {
			isa = PBXGroup;
			children = (
				85F5E4371BF583170078BBCE /* AppDelegate+Category.h */,
				85F5E4381BF583170078BBCE /* AppDelegate+Category.m */,
				85F5E43A1BF583170078BBCE /* NSObject+Common.h */,
				85F5E43B1BF583170078BBCE /* NSObject+Common.m */,
				85F5E43C1BF583170078BBCE /* NSString+PJR.h */,
				85F5E43D1BF583170078BBCE /* NSString+PJR.m */,
				85F5E43E1BF583170078BBCE /* NSString+QRCode.h */,
				85F5E43F1BF583170078BBCE /* NSString+QRCode.m */,
			);
			path = Category;
			sourceTree = "<group>";
		};
		85F5E4B51BF5AC360078BBCE /* Resource */ = {
			isa = PBXGroup;
			children = (
				85F5E4BB1BF5ACFC0078BBCE /* Main.storyboard */,
				85F5E4B91BF5ACF30078BBCE /* LaunchScreen.storyboard */,
				85F5E4B71BF5ACE00078BBCE /* Assets.xcassets */,
				85F5E4B61BF5AC360078BBCE /* PrefixHeader.pch */,
				85EFCF361BF8C8D2001B613C /* userIcon.bundle */,
			);
			path = Resource;
			sourceTree = "<group>";
		};
		85F5E5241BF5B0480078BBCE /* iCarousel */ = {
			isa = PBXGroup;
			children = (
				85F5E5251BF5B0480078BBCE /* iCarousel.h */,
				85F5E5261BF5B0480078BBCE /* iCarousel.m */,
			);
			path = iCarousel;
			sourceTree = "<group>";
		};
		85F5E5271BF5B0480078BBCE /* PSCollectionView-master */ = {
			isa = PBXGroup;
			children = (
				85F5E5281BF5B0480078BBCE /* .gitignore */,
				85F5E5291BF5B0480078BBCE /* LICENSE */,
				85F5E52A1BF5B0480078BBCE /* PSCollectionView.h */,
				85F5E52B1BF5B0480078BBCE /* PSCollectionView.m */,
				85F5E52C1BF5B0480078BBCE /* PSCollectionViewCell.h */,
				85F5E52D1BF5B0480078BBCE /* PSCollectionViewCell.m */,
			);
			path = "PSCollectionView-master";
			sourceTree = "<group>";
		};
		85F5E52E1BF5B0480078BBCE /* UMAnalytics_Sdk_3.6.4 */ = {
			isa = PBXGroup;
			children = (
				85F5E52F1BF5B0480078BBCE /* libMobClickLibrary.a */,
				85F5E5301BF5B0480078BBCE /* MobClick.h */,
				85F5E5311BF5B0480078BBCE /* MobClickSocialAnalytics.h */,
			);
			path = UMAnalytics_Sdk_3.6.4;
			sourceTree = "<group>";
		};
		85F5E5321BF5B0480078BBCE /* umeng_ios_social_sdk_4.2-2.5_arm64_custom */ = {
			isa = PBXGroup;
			children = (
				85F5E5331BF5B0480078BBCE /* UMSocial_Sdk_4.2.5 */,
				85F5E54E1BF5B0480078BBCE /* UMSocial_Sdk_Extra_Frameworks */,
				85F5E55A1BF5B0480078BBCE /* UMSocial_Sdk_Instructions */,
			);
			path = "umeng_ios_social_sdk_4.2-2.5_arm64_custom";
			sourceTree = "<group>";
		};
		85F5E5331BF5B0480078BBCE /* UMSocial_Sdk_4.2.5 */ = {
			isa = PBXGroup;
			children = (
				85F5E5341BF5B0480078BBCE /* UMSocialLocalizable.strings */,
				85F5E5361BF5B0480078BBCE /* Header */,
				85F5E5421BF5B0480078BBCE /* libUMSocial_Sdk_4.2.5.a */,
				85F5E5431BF5B0480078BBCE /* SocialSDKXib */,
				85F5E54C1BF5B0480078BBCE /* UMSocialSDKResourcesNew.bundle */,
			);
			path = UMSocial_Sdk_4.2.5;
			sourceTree = "<group>";
		};
		85F5E5361BF5B0480078BBCE /* Header */ = {
			isa = PBXGroup;
			children = (
				85F5E5371BF5B0480078BBCE /* UMSocial.h */,
				85F5E5381BF5B0480078BBCE /* UMSocialAccountManager.h */,
				85F5E5391BF5B0480078BBCE /* UMSocialBar.h */,
				85F5E53A1BF5B0480078BBCE /* UMSocialConfig.h */,
				85F5E53B1BF5B0480078BBCE /* UMSocialControllerService.h */,
				85F5E53C1BF5B0480078BBCE /* UMSocialControllerServiceComment.h */,
				85F5E53D1BF5B0480078BBCE /* UMSocialData.h */,
				85F5E53E1BF5B0480078BBCE /* UMSocialDataService.h */,
				85F5E53F1BF5B0480078BBCE /* UMSocialSnsData.h */,
				85F5E5401BF5B0480078BBCE /* UMSocialSnsPlatformManager.h */,
				85F5E5411BF5B0480078BBCE /* UMSocialSnsService.h */,
			);
			path = Header;
			sourceTree = "<group>";
		};
		85F5E5431BF5B0480078BBCE /* SocialSDKXib */ = {
			isa = PBXGroup;
			children = (
				85F5E5441BF5B0480078BBCE /* UMSCommentDetailController.xib */,
				85F5E5451BF5B0480078BBCE /* UMSCommentInputController.xib */,
				85F5E5461BF5B0480078BBCE /* UMSCommentInputControlleriPad.xib */,
				85F5E5471BF5B0480078BBCE /* UMShareEditViewController.xib */,
				85F5E5481BF5B0480078BBCE /* UMShareEditViewControlleriPad.xib */,
				85F5E5491BF5B0480078BBCE /* UMSLoginViewController.xib */,
				85F5E54A1BF5B0480078BBCE /* UMSnsAccountViewController.xib */,
				85F5E54B1BF5B0480078BBCE /* UMSShareListController.xib */,
			);
			path = SocialSDKXib;
			sourceTree = "<group>";
		};
		85F5E54E1BF5B0480078BBCE /* UMSocial_Sdk_Extra_Frameworks */ = {
			isa = PBXGroup;
			children = (
				85F5E54F1BF5B0480078BBCE /* TencentOpenAPI */,
				85F5E5541BF5B0480078BBCE /* Wechat */,
			);
			path = UMSocial_Sdk_Extra_Frameworks;
			sourceTree = "<group>";
		};
		85F5E54F1BF5B0480078BBCE /* TencentOpenAPI */ = {
			isa = PBXGroup;
			children = (
				85F5E5501BF5B0480078BBCE /* libSocialQQ.a */,
				85F5E5511BF5B0480078BBCE /* TencentOpenAPI.framework */,
				85F5E5521BF5B0480078BBCE /* TencentOpenApi_IOS_Bundle.bundle */,
				85F5E5531BF5B0480078BBCE /* UMSocialQQHandler.h */,
			);
			path = TencentOpenAPI;
			sourceTree = "<group>";
		};
		85F5E5541BF5B0480078BBCE /* Wechat */ = {
			isa = PBXGroup;
			children = (
				85F5E5551BF5B0480078BBCE /* libSocialWechat.a */,
				85F5E5561BF5B0480078BBCE /* libWeChatSDK.a */,
				85F5E5571BF5B0480078BBCE /* UMSocialWechatHandler.h */,
				85F5E5581BF5B0480078BBCE /* WXApi.h */,
				85F5E5591BF5B0480078BBCE /* WXApiObject.h */,
			);
			path = Wechat;
			sourceTree = "<group>";
		};
		85F5E55A1BF5B0480078BBCE /* UMSocial_Sdk_Instructions */ = {
			isa = PBXGroup;
			children = (
				85F5E55B1BF5B0480078BBCE /* iOS-social-analytics-releasenote.html */,
				85F5E55C1BF5B0480078BBCE /* iOS-social-releasenote.html */,
				85F5E55D1BF5B0480078BBCE /* ios-social-sdk-comment-detail.html */,
				85F5E55E1BF5B0480078BBCE /* ios-social-sdk-comment-quick.html */,
				85F5E55F1BF5B0480078BBCE /* ios-social-sdk-like.html */,
				85F5E5601BF5B0480078BBCE /* ios-social-sdk-login-detail.html */,
				85F5E5611BF5B0480078BBCE /* ios-social-sdk-login-quick.html */,
				85F5E5621BF5B0480078BBCE /* ios-social-sdk-shake.html */,
				85F5E5631BF5B0480078BBCE /* ios-social-sdk-share-detail.html */,
				85F5E5641BF5B0480078BBCE /* ios-social-sdk-share-quick.html */,
				85F5E5651BF5B0480078BBCE /* ios-social-sdk-socialbar.html */,
				85F5E5661BF5B0480078BBCE /* markdown.css */,
			);
			path = UMSocial_Sdk_Instructions;
			sourceTree = "<group>";
		};
		F6AE83F2EAA55159CF89DE68 /* Frameworks */ = {
			isa = PBXGroup;
			children = (
				85F5E5911BF5B2D30078BBCE /* libsqlite3.0.tbd */,
				85F5E58F1BF5B2C40078BBCE /* libiconv.tbd */,
				85F5E58D1BF5B2B80078BBCE /* libsqlite3.tbd */,
				85F5E58B1BF5B29F0078BBCE /* libstdc++.tbd */,
				85F5E5891BF5B2910078BBCE /* libz.tbd */,
				D5C91379AAB647751B73E03A /* libPods-EaseFun.a */,
				85F5E5991BF5B3010078BBCE /* SystemConfiguration.framework */,
				85F5E5971BF5B2F80078BBCE /* Security.framework */,
				85F5E5951BF5B2EF0078BBCE /* CoreGraphics.framework */,
				85F5E5931BF5B2E60078BBCE /* CoreTelephony.framework */,
			);
			name = Frameworks;
			sourceTree = "<group>";
		};
/* End PBXGroup section */

/* Begin PBXNativeTarget section */
		856A88361BF231E400815898 /* EaseFun */ = {
			isa = PBXNativeTarget;
			buildConfigurationList = 856A884E1BF231E400815898 /* Build configuration list for PBXNativeTarget "EaseFun" */;
			buildPhases = (
				071813E95E2B7A90794AD379 /* Check Pods Manifest.lock */,
				856A88331BF231E400815898 /* Sources */,
				856A88341BF231E400815898 /* Frameworks */,
				856A88351BF231E400815898 /* Resources */,
				BC90D5275875CC05528202B3 /* Embed Pods Frameworks */,
				854D2763EB46AFE1ACB4828F /* Copy Pods Resources */,
			);
			buildRules = (
			);
			dependencies = (
			);
			name = EaseFun;
			productName = EaseFun;
			productReference = 856A88371BF231E400815898 /* EaseFun.app */;
			productType = "com.apple.product-type.application";
		};
/* End PBXNativeTarget section */

/* Begin PBXProject section */
		856A882F1BF231E400815898 /* Project object */ = {
			isa = PBXProject;
			attributes = {
				LastUpgradeCheck = 0700;
				ORGANIZATIONNAME = IncredibleMJ;
				TargetAttributes = {
					856A88361BF231E400815898 = {
						CreatedOnToolsVersion = 7.0.1;
					};
				};
			};
			buildConfigurationList = 856A88321BF231E400815898 /* Build configuration list for PBXProject "EaseFun" */;
			compatibilityVersion = "Xcode 3.2";
			developmentRegion = English;
			hasScannedForEncodings = 0;
			knownRegions = (
				en,
				Base,
				"zh-Hans",
			);
			mainGroup = 856A882E1BF231E400815898;
			productRefGroup = 856A88381BF231E400815898 /* Products */;
			projectDirPath = "";
			projectRoot = "";
			targets = (
				856A88361BF231E400815898 /* EaseFun */,
			);
		};
/* End PBXProject section */

/* Begin PBXResourcesBuildPhase section */
		856A88351BF231E400815898 /* Resources */ = {
			isa = PBXResourcesBuildPhase;
			buildActionMask = 2147483647;
			files = (
				85F5E57A1BF5B0480078BBCE /* TencentOpenApi_IOS_Bundle.bundle in Resources */,
				85F5E5681BF5B0480078BBCE /* .gitignore in Resources */,
				85F5E4BC1BF5ACFC0078BBCE /* Main.storyboard in Resources */,
				85EFCF371BF8C8D2001B613C /* userIcon.bundle in Resources */,
				85F5E5701BF5B0480078BBCE /* UMSCommentInputController.xib in Resources */,
				85F5E5761BF5B0480078BBCE /* UMSShareListController.xib in Resources */,
				85F5E5831BF5B0480078BBCE /* ios-social-sdk-login-quick.html in Resources */,
				85F5E5881BF5B0480078BBCE /* markdown.css in Resources */,
				85F5E5731BF5B0480078BBCE /* UMShareEditViewControlleriPad.xib in Resources */,
				85F5E56F1BF5B0480078BBCE /* UMSCommentDetailController.xib in Resources */,
				85F5E5721BF5B0480078BBCE /* UMShareEditViewController.xib in Resources */,
				85F5E5801BF5B0480078BBCE /* ios-social-sdk-comment-quick.html in Resources */,
				85F5E56D1BF5B0480078BBCE /* UMSocialLocalizable.strings in Resources */,
				85F5E57F1BF5B0480078BBCE /* ios-social-sdk-comment-detail.html in Resources */,
				85F5E5751BF5B0480078BBCE /* UMSnsAccountViewController.xib in Resources */,
				85F5E5821BF5B0480078BBCE /* ios-social-sdk-login-detail.html in Resources */,
				85F5E5811BF5B0480078BBCE /* ios-social-sdk-like.html in Resources */,
				85F5E5841BF5B0480078BBCE /* ios-social-sdk-shake.html in Resources */,
				85F5E5871BF5B0480078BBCE /* ios-social-sdk-socialbar.html in Resources */,
				85F5E57D1BF5B0480078BBCE /* iOS-social-analytics-releasenote.html in Resources */,
				85F5E5771BF5B0480078BBCE /* UMSocialSDKResourcesNew.bundle in Resources */,
				85F5E5851BF5B0480078BBCE /* ios-social-sdk-share-detail.html in Resources */,
				85F5E4B81BF5ACE00078BBCE /* Assets.xcassets in Resources */,
				85F5E57E1BF5B0480078BBCE /* iOS-social-releasenote.html in Resources */,
				85F5E5741BF5B0480078BBCE /* UMSLoginViewController.xib in Resources */,
				85F5E5861BF5B0480078BBCE /* ios-social-sdk-share-quick.html in Resources */,
				85F5E5711BF5B0480078BBCE /* UMSCommentInputControlleriPad.xib in Resources */,
				85F5E4BA1BF5ACF30078BBCE /* LaunchScreen.storyboard in Resources */,
				85F5E5691BF5B0480078BBCE /* LICENSE in Resources */,
			);
			runOnlyForDeploymentPostprocessing = 0;
		};
/* End PBXResourcesBuildPhase section */

/* Begin PBXShellScriptBuildPhase section */
		071813E95E2B7A90794AD379 /* Check Pods Manifest.lock */ = {
			isa = PBXShellScriptBuildPhase;
			buildActionMask = 2147483647;
			files = (
			);
			inputPaths = (
			);
			name = "Check Pods Manifest.lock";
			outputPaths = (
			);
			runOnlyForDeploymentPostprocessing = 0;
			shellPath = /bin/sh;
			shellScript = "diff \"${PODS_ROOT}/../Podfile.lock\" \"${PODS_ROOT}/Manifest.lock\" > /dev/null\nif [[ $? != 0 ]] ; then\n    cat << EOM\nerror: The sandbox is not in sync with the Podfile.lock. Run 'pod install' or update your CocoaPods installation.\nEOM\n    exit 1\nfi\n";
			showEnvVarsInLog = 0;
		};
		854D2763EB46AFE1ACB4828F /* Copy Pods Resources */ = {
			isa = PBXShellScriptBuildPhase;
			buildActionMask = 2147483647;
			files = (
			);
			inputPaths = (
			);
			name = "Copy Pods Resources";
			outputPaths = (
			);
			runOnlyForDeploymentPostprocessing = 0;
			shellPath = /bin/sh;
			shellScript = "\"${SRCROOT}/Pods/Target Support Files/Pods-EaseFun/Pods-EaseFun-resources.sh\"\n";
			showEnvVarsInLog = 0;
		};
		BC90D5275875CC05528202B3 /* Embed Pods Frameworks */ = {
			isa = PBXShellScriptBuildPhase;
			buildActionMask = 2147483647;
			files = (
			);
			inputPaths = (
			);
			name = "Embed Pods Frameworks";
			outputPaths = (
			);
			runOnlyForDeploymentPostprocessing = 0;
			shellPath = /bin/sh;
			shellScript = "\"${SRCROOT}/Pods/Target Support Files/Pods-EaseFun/Pods-EaseFun-frameworks.sh\"\n";
			showEnvVarsInLog = 0;
		};
/* End PBXShellScriptBuildPhase section */

/* Begin PBXSourcesBuildPhase section */
		856A88331BF231E400815898 /* Sources */ = {
			isa = PBXSourcesBuildPhase;
			buildActionMask = 2147483647;
			files = (
				85F5E4441BF583170078BBCE /* NSString+QRCode.m in Sources */,
				859158641BF874B800D535AB /* JokesViewModel.m in Sources */,
				85F5E56A1BF5B0480078BBCE /* PSCollectionView.m in Sources */,
				85EFCF3A1BF8CD0A001B613C /* MainViewController.m in Sources */,
				8591585C1BF8691000D535AB /* NewsNetManager.m in Sources */,
				85EE61ED1BF97F6200E42A6F /* NewsBigCoverCell.m in Sources */,
				85EFCF421BF8CFFC001B613C /* NewsViewController.m in Sources */,
				85F5E4431BF583170078BBCE /* NSString+PJR.m in Sources */,
				85F5E4B41BF5A97C0078BBCE /* BaseViewModel.m in Sources */,
				85F5E4351BF582FB0078BBCE /* Factory.m in Sources */,
				85EE61E41BF96A5800E42A6F /* NewsCommonCell.m in Sources */,
				85F5E4AE1BF5A9080078BBCE /* BaseModel.m in Sources */,
				85F5E4401BF583170078BBCE /* AppDelegate+Category.m in Sources */,
				85EE61EA1BF96E5B00E42A6F /* NewsImagesCell.m in Sources */,
				856A883F1BF231E400815898 /* AppDelegate.m in Sources */,
				85EFCF3F1BF8CFF1001B613C /* JokesViewController.m in Sources */,
				85F5E56B1BF5B0480078BBCE /* PSCollectionViewCell.m in Sources */,
				856A883C1BF231E400815898 /* main.m in Sources */,
				85EE61E71BF96D2700E42A6F /* ClipImageView.m in Sources */,
				859158541BF85D8600D535AB /* NewsModel.m in Sources */,
				859158511BF858EC00D535AB /* JokesModel.m in Sources */,
				859158671BF874CA00D535AB /* NewsViewModel.m in Sources */,
				85F5E5671BF5B0480078BBCE /* iCarousel.m in Sources */,
				85F5E4B11BF5A91E0078BBCE /* BaseNetManager.m in Sources */,
				8591585F1BF8692100D535AB /* JokesNetManager.m in Sources */,
				85F5E4421BF583170078BBCE /* NSObject+Common.m in Sources */,
			);
			runOnlyForDeploymentPostprocessing = 0;
		};
/* End PBXSourcesBuildPhase section */

/* Begin PBXVariantGroup section */
		85F5E5341BF5B0480078BBCE /* UMSocialLocalizable.strings */ = {
			isa = PBXVariantGroup;
			children = (
				85F5E5351BF5B0480078BBCE /* en */,
				85F5E54D1BF5B0480078BBCE /* zh-Hans */,
			);
			name = UMSocialLocalizable.strings;
			sourceTree = "<group>";
		};
/* End PBXVariantGroup section */

/* Begin XCBuildConfiguration section */
		856A884C1BF231E400815898 /* Debug */ = {
			isa = XCBuildConfiguration;
			buildSettings = {
				ALWAYS_SEARCH_USER_PATHS = NO;
				CLANG_CXX_LANGUAGE_STANDARD = "gnu++0x";
				CLANG_CXX_LIBRARY = "libc++";
				CLANG_ENABLE_MODULES = YES;
				CLANG_ENABLE_OBJC_ARC = YES;
				CLANG_WARN_BOOL_CONVERSION = YES;
				CLANG_WARN_CONSTANT_CONVERSION = YES;
				CLANG_WARN_DIRECT_OBJC_ISA_USAGE = YES_ERROR;
				CLANG_WARN_EMPTY_BODY = YES;
				CLANG_WARN_ENUM_CONVERSION = YES;
				CLANG_WARN_INT_CONVERSION = YES;
				CLANG_WARN_OBJC_ROOT_CLASS = YES_ERROR;
				CLANG_WARN_UNREACHABLE_CODE = YES;
				CLANG_WARN__DUPLICATE_METHOD_MATCH = YES;
				"CODE_SIGN_IDENTITY[sdk=iphoneos*]" = "iPhone Developer";
				COPY_PHASE_STRIP = NO;
				DEBUG_INFORMATION_FORMAT = dwarf;
				ENABLE_STRICT_OBJC_MSGSEND = YES;
				ENABLE_TESTABILITY = YES;
				GCC_C_LANGUAGE_STANDARD = gnu99;
				GCC_DYNAMIC_NO_PIC = NO;
				GCC_NO_COMMON_BLOCKS = YES;
				GCC_OPTIMIZATION_LEVEL = 0;
				GCC_PREPROCESSOR_DEFINITIONS = (
					"DEBUG=1",
					"$(inherited)",
				);
				GCC_WARN_64_TO_32_BIT_CONVERSION = YES;
				GCC_WARN_ABOUT_RETURN_TYPE = YES_ERROR;
				GCC_WARN_UNDECLARED_SELECTOR = YES;
				GCC_WARN_UNINITIALIZED_AUTOS = YES_AGGRESSIVE;
				GCC_WARN_UNUSED_FUNCTION = YES;
				GCC_WARN_UNUSED_VARIABLE = YES;
				IPHONEOS_DEPLOYMENT_TARGET = 9.0;
				MTL_ENABLE_DEBUG_INFO = YES;
				ONLY_ACTIVE_ARCH = YES;
				SDKROOT = iphoneos;
			};
			name = Debug;
		};
		856A884D1BF231E400815898 /* Release */ = {
			isa = XCBuildConfiguration;
			buildSettings = {
				ALWAYS_SEARCH_USER_PATHS = NO;
				CLANG_CXX_LANGUAGE_STANDARD = "gnu++0x";
				CLANG_CXX_LIBRARY = "libc++";
				CLANG_ENABLE_MODULES = YES;
				CLANG_ENABLE_OBJC_ARC = YES;
				CLANG_WARN_BOOL_CONVERSION = YES;
				CLANG_WARN_CONSTANT_CONVERSION = YES;
				CLANG_WARN_DIRECT_OBJC_ISA_USAGE = YES_ERROR;
				CLANG_WARN_EMPTY_BODY = YES;
				CLANG_WARN_ENUM_CONVERSION = YES;
				CLANG_WARN_INT_CONVERSION = YES;
				CLANG_WARN_OBJC_ROOT_CLASS = YES_ERROR;
				CLANG_WARN_UNREACHABLE_CODE = YES;
				CLANG_WARN__DUPLICATE_METHOD_MATCH = YES;
				"CODE_SIGN_IDENTITY[sdk=iphoneos*]" = "iPhone Developer";
				COPY_PHASE_STRIP = NO;
				DEBUG_INFORMATION_FORMAT = "dwarf-with-dsym";
				ENABLE_NS_ASSERTIONS = NO;
				ENABLE_STRICT_OBJC_MSGSEND = YES;
				GCC_C_LANGUAGE_STANDARD = gnu99;
				GCC_NO_COMMON_BLOCKS = YES;
				GCC_WARN_64_TO_32_BIT_CONVERSION = YES;
				GCC_WARN_ABOUT_RETURN_TYPE = YES_ERROR;
				GCC_WARN_UNDECLARED_SELECTOR = YES;
				GCC_WARN_UNINITIALIZED_AUTOS = YES_AGGRESSIVE;
				GCC_WARN_UNUSED_FUNCTION = YES;
				GCC_WARN_UNUSED_VARIABLE = YES;
				IPHONEOS_DEPLOYMENT_TARGET = 9.0;
				MTL_ENABLE_DEBUG_INFO = NO;
				SDKROOT = iphoneos;
				VALIDATE_PRODUCT = YES;
			};
			name = Release;
		};
		856A884F1BF231E400815898 /* Debug */ = {
			isa = XCBuildConfiguration;
			baseConfigurationReference = 722FDD85DC5A625CF6437973 /* Pods-EaseFun.debug.xcconfig */;
			buildSettings = {
				ASSETCATALOG_COMPILER_APPICON_NAME = AppIcon;
				FRAMEWORK_SEARCH_PATHS = (
					"$(inherited)",
					"$(PROJECT_DIR)/EaseFun/Vendor/umeng_ios_social_sdk_4.2-2.5_arm64_custom/UMSocial_Sdk_Extra_Frameworks/TencentOpenAPI",
				);
				GCC_PREFIX_HEADER = EaseFun/Resource/PrefixHeader.pch;
				INFOPLIST_FILE = EaseFun/Info.plist;
				LD_RUNPATH_SEARCH_PATHS = "$(inherited) @executable_path/Frameworks";
				LIBRARY_SEARCH_PATHS = (
					"$(inherited)",
					"$(PROJECT_DIR)/EaseFun/Vendor/UMAnalytics_Sdk_3.6.4",
					"$(PROJECT_DIR)/EaseFun/Vendor/umeng_ios_social_sdk_4.2-2.5_arm64_custom/UMSocial_Sdk_4.2.5",
					"$(PROJECT_DIR)/EaseFun/Vendor/umeng_ios_social_sdk_4.2-2.5_arm64_custom/UMSocial_Sdk_Extra_Frameworks/TencentOpenAPI",
					"$(PROJECT_DIR)/EaseFun/Vendor/umeng_ios_social_sdk_4.2-2.5_arm64_custom/UMSocial_Sdk_Extra_Frameworks/Wechat",
				);
				PRODUCT_BUNDLE_IDENTIFIER = com.CYZ.incredible.EaseFun;
				PRODUCT_NAME = "$(TARGET_NAME)";
			};
			name = Debug;
		};
		856A88501BF231E400815898 /* Release */ = {
			isa = XCBuildConfiguration;
			baseConfigurationReference = 312BADEA49A29974CB875BAF /* Pods-EaseFun.release.xcconfig */;
			buildSettings = {
				ASSETCATALOG_COMPILER_APPICON_NAME = AppIcon;
				FRAMEWORK_SEARCH_PATHS = (
					"$(inherited)",
					"$(PROJECT_DIR)/EaseFun/Vendor/umeng_ios_social_sdk_4.2-2.5_arm64_custom/UMSocial_Sdk_Extra_Frameworks/TencentOpenAPI",
				);
				GCC_PREFIX_HEADER = EaseFun/Resource/PrefixHeader.pch;
				INFOPLIST_FILE = EaseFun/Info.plist;
				LD_RUNPATH_SEARCH_PATHS = "$(inherited) @executable_path/Frameworks";
				LIBRARY_SEARCH_PATHS = (
					"$(inherited)",
					"$(PROJECT_DIR)/EaseFun/Vendor/UMAnalytics_Sdk_3.6.4",
					"$(PROJECT_DIR)/EaseFun/Vendor/umeng_ios_social_sdk_4.2-2.5_arm64_custom/UMSocial_Sdk_4.2.5",
					"$(PROJECT_DIR)/EaseFun/Vendor/umeng_ios_social_sdk_4.2-2.5_arm64_custom/UMSocial_Sdk_Extra_Frameworks/TencentOpenAPI",
					"$(PROJECT_DIR)/EaseFun/Vendor/umeng_ios_social_sdk_4.2-2.5_arm64_custom/UMSocial_Sdk_Extra_Frameworks/Wechat",
				);
				PRODUCT_BUNDLE_IDENTIFIER = com.CYZ.incredible.EaseFun;
				PRODUCT_NAME = "$(TARGET_NAME)";
			};
			name = Release;
		};
/* End XCBuildConfiguration section */

/* Begin XCConfigurationList section */
		856A88321BF231E400815898 /* Build configuration list for PBXProject "EaseFun" */ = {
			isa = XCConfigurationList;
			buildConfigurations = (
				856A884C1BF231E400815898 /* Debug */,
				856A884D1BF231E400815898 /* Release */,
			);
			defaultConfigurationIsVisible = 0;
			defaultConfigurationName = Release;
		};
		856A884E1BF231E400815898 /* Build configuration list for PBXNativeTarget "EaseFun" */ = {
			isa = XCConfigurationList;
			buildConfigurations = (
				856A884F1BF231E400815898 /* Debug */,
				856A88501BF231E400815898 /* Release */,
			);
			defaultConfigurationIsVisible = 0;
			defaultConfigurationName = Release;
		};
/* End XCConfigurationList section */
	};
	rootObject = 856A882F1BF231E400815898 /* Project object */;
}
